activated_abilities:
- ': Remove a doom counter from Armageddon Clock. Any player may play this ability
  but only during any upkeep step.'
booster_exclude: false
canadian_hl_score: 0
cannonical_set: 4ED
cannonical_type: Artifact
companions:
- Gyruda, Doom of Depths
- Jegantha, the Wellspring
- Kaheera, the Orphanguard
- Keruga, the Macrosage
- Lutri, the Spellchaser
- Umori, the Collector
- Yorion, Sky Nomad
- Zirda, the Dawnwaker
flat_cost: 6
formats:
- 1v1 Commander
- Canadian Highlander
- Casual
- Commander / EDH
- Custom
- Duel Commander
- Highlander
- Legacy
- Leviathan
- Limited
- Oathbreaker
- Oldschool 93/94
- Tiny Leaders
- Unformat
- Vintage
has_activated_abilities: true
is_limitless: false
is_permanent: true
mana_cost: '6'
mana_cost_converted: 6
name: Armageddon Clock
printings:
- ME4:
    mtgo_foil_id: 38697
    mtgo_id: 38696
    name: Masters Edition IV
    number: 180
    rarity: rare
    set_number: 180
    wizards_id: 202414
    wizards_url: http://gatherer.wizards.com/Pages/Card/Details.aspx?&multiverseid=202414
- 4ED:
    name: Fourth Edition
    rarity: rare
    wizards_id: 2018
    wizards_url: http://gatherer.wizards.com/Pages/Card/Details.aspx?&multiverseid=2018
- 4EDFBB:
    name: 4th Edition Foreign Black Border
    rarity: rare
    wizards_id: 2018
    wizards_url: http://gatherer.wizards.com/Pages/Card/Details.aspx?&multiverseid=2018
- 3ED:
    name: Revised Edition
    rarity: rare
    wizards_id: 1095
    wizards_url: http://gatherer.wizards.com/Pages/Card/Details.aspx?&multiverseid=1095
- 3EDFBB:
    name: Revised Foreign Black Border
    rarity: rare
    wizards_id: 1095
    wizards_url: http://gatherer.wizards.com/Pages/Card/Details.aspx?&multiverseid=1095
- ATQ:
    name: Antiquities
    rarity: uncommon
    wizards_id: 993
    wizards_url: http://gatherer.wizards.com/Pages/Card/Details.aspx?&multiverseid=993
rules: "At the beginning of your upkeep, put a doom counter on Armageddon Clock.\r\
  \n\r\nAt the beginning of your draw step, Armageddon Clock deals damage to each\
  \ player equal to the number of doom counters on it.\r\n\r\n[[4]]: Remove a doom\
  \ counter from Armageddon Clock. Any player may play this ability but only during\
  \ any upkeep step."
slug: armageddon-clock
tags: card-color-colorless card-color-colorless-cost-6 card-type-artifact
type: Artifact
url: http://tappedout.net/mtg-card/armageddon-clock/
