activated_abilities:
- ': Remove a doom counter from Armageddon Clock. Any player may play this ability
  but only during any upkeep step.'
activated_costs: []
canadian_hl_score: 0
cannonical_set: 4ED
cannonical_type: Artifact
companions:
- Jegantha, the Wellspring
- Kaheera, the Orphanguard
- Keruga, the Macrosage
- Lurrus of the Dream-Den
- Lutri, the Spellchaser
- Obosh, the Preypiercer
- Umori, the Collector
- Yorion, Sky Nomad
- Zirda, the Dawnwaker
draft_average: 5.44
effective_cost: []
formats:
- 1v1 Commander
- Canadian Highlander
- Legacy
- Oathbreaker
- Custom
- Oldschool 93/94
- Vintage
- Commander / EDH
- Premodern
- 'Commander: Rule 0'
- Casual
- Limited
- Duel Commander
- Highlander
- Leviathan
has_activated_abilities: true
is_mtgo: true
is_permanent: true
keywords: []
mana_cost: '6'
mana_value: 6
melds_from: []
name: Armageddon Clock
power_toughness: ''
printings:
- 4ED:
    alterations:
    - !!python/tuple
      - ''
      - Normal
    artist: Amy Weber
    booster_exclude: false
    border_color: W
    cannonical: true
    flavour_text: ''
    frame: original
    mtgo_foil_id: null
    mtgo_id: null
    name: Fourth Edition
    number: null
    rarity: rare
    release_date: '1995-04-01'
    tla: 4ED
    variations: []
    wizards_id: 2018
    wizards_url: http://gatherer.wizards.com/Pages/Card/Details.aspx?&multiverseid=2018
- 3ED:
    alterations:
    - !!python/tuple
      - ''
      - Normal
    artist: Amy Weber
    booster_exclude: false
    border_color: W
    cannonical: true
    flavour_text: ''
    frame: original
    mtgo_foil_id: null
    mtgo_id: null
    name: Revised Edition
    number: null
    rarity: rare
    release_date: '1994-04-01'
    tla: 3ED
    variations: []
    wizards_id: 1095
    wizards_url: http://gatherer.wizards.com/Pages/Card/Details.aspx?&multiverseid=1095
- ATQ:
    alterations:
    - !!python/tuple
      - ''
      - Normal
    artist: Amy Weber
    booster_exclude: false
    border_color: B
    cannonical: true
    flavour_text: ''
    frame: original
    mtgo_foil_id: null
    mtgo_id: null
    name: Antiquities
    number: null
    rarity: uncommon
    release_date: '1994-03-01'
    tla: ATQ
    variations: []
    wizards_id: 993
    wizards_url: http://gatherer.wizards.com/Pages/Card/Details.aspx?&multiverseid=993
- ME4:
    alterations:
    - !!python/tuple
      - ''
      - Normal
    - !!python/tuple
      - f
      - Foil
    artist: Amy Weber
    booster_exclude: false
    border_color: B
    cannonical: false
    flavour_text: null
    frame: modern
    mtgo_foil_id: 38697
    mtgo_id: 38696
    name: Masters Edition IV
    number: 180
    rarity: rare
    release_date: '2011-01-10'
    tla: ME4
    variations: []
    wizards_id: 202414
    wizards_url: http://gatherer.wizards.com/Pages/Card/Details.aspx?&multiverseid=202414
- 4EDFBB:
    alterations:
    - !!python/tuple
      - ''
      - Normal
    artist: Amy Weber
    booster_exclude: false
    border_color: B
    cannonical: false
    flavour_text: ''
    frame: original
    mtgo_foil_id: null
    mtgo_id: null
    name: 4th Edition Foreign Black Border
    number: null
    rarity: rare
    release_date: '1995-04-01'
    tla: 4EDFBB
    variations: []
    wizards_id: null
    wizards_url: null
- 3EDFBB:
    alterations:
    - !!python/tuple
      - ''
      - Normal
    artist: Amy Weber
    booster_exclude: false
    border_color: B
    cannonical: false
    flavour_text: ''
    frame: original
    mtgo_foil_id: null
    mtgo_id: null
    name: Revised Foreign Black Border
    number: null
    rarity: rare
    release_date: '1994-04-01'
    tla: 3EDFBB
    variations: []
    wizards_id: null
    wizards_url: null
rarity: rare
rules: "At the beginning of your upkeep, put a doom counter on Armageddon Clock.\r\
  \n\r\nAt the beginning of your draw step, Armageddon Clock deals damage to each\
  \ player equal to the number of doom counters on it.\r\n\r\n[[4]]: Remove a doom\
  \ counter from Armageddon Clock. Any player may play this ability but only during\
  \ any upkeep step."
slug: armageddon-clock
synonyms: []
tapped_id: 8688
tokens: []
type: Artifact
url: https://tappedout.net/mtg-card/armageddon-clock/

