activated_abilities:
- ': Remove a doom counter from Armageddon Clock. Any player may play this ability
  but only during any upkeep step.'
canadian_hl_score: 0
cannonical_set: 4ED
cannonical_type: Artifact
companions:
- Gyruda, Doom of Depths
- Jegantha, the Wellspring
- Kaheera, the Orphanguard
- Keruga, the Macrosage
- Lutri, the Spellchaser
- Umori, the Collector
- Yorion, Sky Nomad
- Zirda, the Dawnwaker
flat_cost: 6
formats:
- 1v1 Commander
- Canadian Highlander
- Commander / EDH
- 'Commander: Rule 0'
- Duel Commander
- Highlander
- Legacy
- Leviathan
- Limited
- Oathbreaker
- Oldschool 93/94
- Pauper Duel Commander
- Premodern
- Vintage
has_activated_abilities: true
is_mtgo: true
is_permanent: true
mana_cost: '6'
mana_cost_converted: 6
name: Armageddon Clock
printings:
- ME4:
    alterations:
    - Foil
    - Normal
    border_color: B
    cannonical: false
    frame: modern
    mtgo_foil_id: 38697
    mtgo_id: 38696
    name: Masters Edition IV
    number: 180
    rarity: rare
    release_date: 2011-01-10
    wizards_id: 202414
    wizards_url: http://gatherer.wizards.com/Pages/Card/Details.aspx?&multiverseid=202414
- 4ED:
    alterations:
    - Normal
    border_color: W
    frame: original
    name: Fourth Edition
    rarity: rare
    release_date: 1995-04-01
    wizards_id: 2018
    wizards_url: http://gatherer.wizards.com/Pages/Card/Details.aspx?&multiverseid=2018
- 4EDFBB:
    alterations:
    - Normal
    border_color: B
    cannonical: false
    frame: original
    name: 4th Edition Foreign Black Border
    rarity: rare
    release_date: 1995-04-01
- 3ED:
    alterations:
    - Normal
    border_color: W
    frame: original
    name: Revised Edition
    rarity: rare
    release_date: 1994-04-01
    wizards_id: 1095
    wizards_url: http://gatherer.wizards.com/Pages/Card/Details.aspx?&multiverseid=1095
- 3EDFBB:
    alterations:
    - Normal
    border_color: B
    cannonical: false
    frame: original
    name: Revised Foreign Black Border
    rarity: rare
    release_date: 1994-04-01
- ATQ:
    alterations:
    - Normal
    border_color: B
    frame: original
    name: Antiquities
    rarity: uncommon
    release_date: 1994-03-01
    wizards_id: 993
    wizards_url: http://gatherer.wizards.com/Pages/Card/Details.aspx?&multiverseid=993
rules: "At the beginning of your upkeep, put a doom counter on Armageddon Clock.\r\
  \n\r\nAt the beginning of your draw step, Armageddon Clock deals damage to each\
  \ player equal to the number of doom counters on it.\r\n\r\n[[4]]: Remove a doom\
  \ counter from Armageddon Clock. Any player may play this ability but only during\
  \ any upkeep step."
slug: armageddon-clock
tags: card-color-colorless card-color-colorless-cost-6 card-type-artifact
tapped_id: 8688
type: Artifact
url: http://tappedout.net/mtg-card/armageddon-clock/
