activated_abilities:
- '(White): Aven Flock gets +0/+1 until end of turn.'
activated_costs: []
canadian_hl_score: 0
cannonical_set: 9ED
cannonical_type: Creature
companions:
- Jegantha, the Wellspring
- Keruga, the Macrosage
- Lurrus of the Dream-Den
- Lutri, the Spellchaser
- Obosh, the Preypiercer
- Umori, the Collector
- Yorion, Sky Nomad
- Zirda, the Dawnwaker
effective_cost:
- W
formats:
- 1v1 Commander
- Block Constructed
- Canadian Highlander
- Commander / EDH
- Duel Commander
- Highlander
- Legacy
- Leviathan
- Limited
- Modern
- Oathbreaker
- Pauper
- Pauper Duel Commander
- Pauper EDH
- Premodern
- Vintage
has_activated_abilities: true
is_mtgo: true
is_permanent: true
keywords:
- Flying
- Reach
mana_cost: 4W
mana_value: 5
melds_from: []
name: Aven Flock
power_toughness: 2/3
printings:
- 9ED:
    alterations:
    - Normal
    - Foil
    artist: Greg & Tim Hildebrandt
    booster_exclude: false
    border_color: W
    cannonical: true
    flavour_text: Just as each added feather steadies the wing, so does the flock
      grow stronger with each new member.
    frame: modern
    mtgo_foil_id: 22682
    mtgo_id: 22681
    name: Ninth Edition
    number: 4
    rarity: common
    release_date: '2005-07-29'
    tla: 9ED
    variations: []
    wizards_id: 82999
    wizards_url: http://gatherer.wizards.com/Pages/Card/Details.aspx?&multiverseid=82999
- 8ED:
    alterations:
    - Normal
    - Foil
    artist: Greg & Tim Hildebrandt
    booster_exclude: false
    border_color: W
    cannonical: true
    flavour_text: Just as each added feather steadies the wing, so does the flock
      grow stronger with each new member.
    frame: modern
    mtgo_foil_id: 19498
    mtgo_id: 19497
    name: Eighth Edition
    number: null
    rarity: common
    release_date: '2003-07-28'
    tla: 8ED
    variations: []
    wizards_id: 45179
    wizards_url: http://gatherer.wizards.com/Pages/Card/Details.aspx?&multiverseid=45179
- ODY:
    alterations:
    - Normal
    - Foil
    artist: Greg & Tim Hildebrandt
    booster_exclude: false
    border_color: B
    cannonical: true
    flavour_text: Just as each added feather steadies the wing, so does the flock
      grow stronger with each new member.
    frame: original
    mtgo_foil_id: 16904
    mtgo_id: 16903
    name: Odyssey
    number: null
    rarity: common
    release_date: '2001-09-21'
    tla: ODY
    variations: []
    wizards_id: 31767
    wizards_url: http://gatherer.wizards.com/Pages/Card/Details.aspx?&multiverseid=31767
- 9EDFBB:
    alterations:
    - Normal
    artist: Greg & Tim Hildebrandt
    booster_exclude: false
    border_color: B
    cannonical: false
    flavour_text: Just as each added feather steadies the wing, so does the flock
      grow stronger with each new member.
    frame: modern
    mtgo_foil_id: 22682
    mtgo_id: 22681
    name: Ninth Edition Foreign Black Border
    number: null
    rarity: common
    release_date: '2005-07-29'
    tla: 9EDFBB
    variations: []
    wizards_id: null
    wizards_url: null
rarity: common
rules: "Flying (This creature can't be blocked except by creatures with flying or\
  \ reach.) \r\n\r\n(White): Aven Flock gets +0/+1 until end of turn."
slug: aven-flock
subtype: Bird Soldier
subtype_tokens:
- Bird
- Soldier
synonyms: []
tapped_id: 4431
tokens: []
type: Creature
url: https://tappedout.net/mtg-card/aven-flock/

