canadian_hl_score: 0
cannonical_set: SOK
cannonical_type: Artifact
companions:
- Gyruda, Doom of Depths
- Jegantha, the Wellspring
- Kaheera, the Orphanguard
- Keruga, the Macrosage
- Lutri, the Spellchaser
- Umori, the Collector
- Yorion, Sky Nomad
flat_cost: 4
formats:
- 1v1 Commander
- Block Constructed
- Canadian Highlander
- Commander / EDH
- 'Commander: Rule 0'
- Duel Commander
- Highlander
- Legacy
- Leviathan
- Limited
- Modern
- Oathbreaker
- Pauper Duel Commander
- Vintage
has_activated_abilities: false
is_mtgo: true
is_permanent: true
mana_cost: '4'
mana_cost_converted: 4
name: Blood Clock
printings:
- SOK:
    alterations:
    - Foil
    - Normal
    - The List
    border_color: B
    frame: modern
    mtgo_foil_id: 22133
    mtgo_id: 22132
    name: Saviors of Kamigawa
    number: 153
    rarity: rare
    release_date: 2005-06-03
    wizards_id: 84709
    wizards_url: http://gatherer.wizards.com/Pages/Card/Details.aspx?&multiverseid=84709
rules: At the beginning of each player's upkeep, that player returns a permanent he
  or she controls to its owner's hand unless he or she pays 2 life.
slug: blood-clock
tags: card-color-colorless card-color-colorless-cost-4 card-type-artifact
tapped_id: 2168
type: Artifact
url: http://tappedout.net/mtg-card/blood-clock/
