activated_abilities: []
activated_costs: []
canadian_hl_score: 0
cannonical_set: SOK
cannonical_type: Artifact
companions:
- Jegantha, the Wellspring
- Kaheera, the Orphanguard
- Keruga, the Macrosage
- Lurrus of the Dream-Den
- Lutri, the Spellchaser
- Obosh, the Preypiercer
- Umori, the Collector
- Yorion, Sky Nomad
draft_average: 1.0
effective_cost: []
formats:
- 1v1 Commander
- Canadian Highlander
- Legacy
- Oathbreaker
- Custom
- Vintage
- Commander / EDH
- 'Commander: Rule 0'
- Modern
- Casual
- Block Constructed
- Limited
- Duel Commander
- Highlander
- Leviathan
is_mtgo: true
is_permanent: true
keywords: []
mana_cost: '4'
mana_value: 4
melds_from: []
name: Blood Clock
power_toughness: ''
printings:
- SOK:
    alterations:
    - !!python/tuple
      - ''
      - Normal
    - !!python/tuple
      - f
      - Foil
    - !!python/tuple
      - list
      - The List
    artist: Keith Garletts
    booster_exclude: false
    border_color: B
    cannonical: true
    flavour_text: In an age of war, time is measured not by sand but by blood.
    frame: modern
    mtgo_foil_id: 22133
    mtgo_id: 22132
    name: Saviors of Kamigawa
    number: 153
    rarity: rare
    release_date: '2005-06-03'
    tla: SOK
    variations: []
    wizards_id: 84709
    wizards_url: http://gatherer.wizards.com/Pages/Card/Details.aspx?&multiverseid=84709
rarity: rare
rules: At the beginning of each player's upkeep, that player returns a permanent he
  or she controls to its owner's hand unless he or she pays 2 life.
slug: blood-clock
synonyms: []
tapped_id: 2168
tokens: []
type: Artifact
url: https://tappedout.net/mtg-card/blood-clock/

