activated_abilities: []
activated_costs: []
canadian_hl_score: 0
cannonical_set: GTC
cannonical_type: Instant
color_identity: ''
companions:
- Jegantha, the Wellspring
- Kaheera, the Orphanguard
- Keruga, the Macrosage
- Lurrus of the Dream-Den
- Lutri, the Spellchaser
- Obosh, the Preypiercer
- Umori, the Collector
- Yorion, Sky Nomad
- Zirda, the Dawnwaker
cube_average: 11.0
draft_average: 5.04
effective_cost:
- U
formats:
- 1v1 Commander
- Canadian Highlander
- Legacy
- Oathbreaker
- Custom
- Pioneer
- Vintage
- Commander / EDH
- 'Commander: Rule 0'
- Modern
- Casual
- Block Constructed
- Limited
- Duel Commander
- Tiny Leaders
- Highlander
- Leviathan
is_mtgo: true
keywords:
- Tap/Untap
mana_cost: XU
mana_produced: ''
mana_value: 1
melds_from: []
name: Gridlock
power_toughness: ''
printings:
- GTC:
    alterations:
    - !!python/tuple
      - ''
      - Normal
    - !!python/tuple
      - f
      - Foil
    artist: Yeong-Hao Han
    booster_exclude: false
    border_color: B
    cannonical: true
    flavour_text: "\"One tiny peg pulled from a single wagon wheel, and an entire\
      \ district grinds to a halt.\" \u2014Lazav"
    frame: modern
    mtgo_foil_id: 47674
    mtgo_id: 47673
    name: Gatecrash
    number: 36
    rarity: uncommon
    release_date: '2013-02-01'
    tla: GTC
    variations: []
    wizards_id: 366330
    wizards_url: http://gatherer.wizards.com/Pages/Card/Details.aspx?&multiverseid=366330
rarity: uncommon
rules: Tap X target nonland permanents.
slug: gridlock
synonyms: []
tapped_id: 14263
tokens: []
type: Instant
url: https://tappedout.net/mtg-card/gridlock/

