activated_abilities:
- 'Tap: Put a charge counter on Grindclock.'
- 'Tap: Target player puts the top X cards from his or her library into his or her
  graveyard, where X is the number of charge counters on Grindclock.'
canadian_hl_score: 0
cannonical_set: M15
cannonical_type: Artifact
companions:
- Gyruda, Doom of Depths
- Jegantha, the Wellspring
- Kaheera, the Orphanguard
- Lurrus of the Dream-Den
- Lutri, the Spellchaser
- Umori, the Collector
- Yorion, Sky Nomad
- Zirda, the Dawnwaker
flat_cost: 2
formats:
- 1v1 Commander
- Block Constructed
- Canadian Highlander
- Commander / EDH
- 'Commander: Rule 0'
- Duel Commander
- Highlander
- Legacy
- Leviathan
- Limited
- Modern
- Oathbreaker
- Pioneer
- Tiny Leaders
- Vintage
has_activated_abilities: true
is_mtgo: true
is_permanent: true
mana_cost: '2'
mana_cost_converted: 2
name: Grindclock
printings:
- M15:
    alterations:
    - Foil
    - Normal
    border_color: B
    frame: m15
    mtgo_foil_id: 53341
    mtgo_id: 53340
    name: Magic 2015
    number: 217
    rarity: rare
    release_date: 2014-07-18
    wizards_id: 383261
    wizards_url: http://gatherer.wizards.com/Pages/Card/Details.aspx?&multiverseid=383261
- SOM:
    alterations:
    - Foil
    - Normal
    border_color: B
    frame: modern
    mtgo_foil_id: 38008
    mtgo_id: 38007
    name: Scars of Mirrodin
    rarity: rare
    release_date: 2010-10-01
    wizards_id: 194134
    wizards_url: http://gatherer.wizards.com/Pages/Card/Details.aspx?&multiverseid=194134
rules: "Tap: Put a charge counter on Grindclock.\r\n\r\nTap: Target player puts the\
  \ top X cards from his or her library into his or her graveyard, where X is the\
  \ number of charge counters on Grindclock."
slug: grindclock
tags: card-color-colorless card-color-colorless-cost-2 card-type-artifact
tapped_id: 12487
type: Artifact
url: http://tappedout.net/mtg-card/grindclock/
