activated_abilities:
- ': Add .'
- ': Put an hour counter on Midnight Clock.'
activated_costs:
- U
canadian_hl_score: 0
cannonical_set: CLB
cannonical_type: Artifact
companions:
- Jegantha, the Wellspring
- Kaheera, the Orphanguard
- Keruga, the Macrosage
- Lurrus of the Dream-Den
- Lutri, the Spellchaser
- Obosh, the Preypiercer
- Umori, the Collector
- Yorion, Sky Nomad
- Zirda, the Dawnwaker
effective_cost:
- U
formats:
- 1v1 Commander
- Alchemy
- Arena
- Block Constructed
- Canadian Highlander
- Commander / EDH
- Duel Commander
- Gladiator
- Highlander
- Historic
- Legacy
- Leviathan
- Limited
- Modern
- Oathbreaker
- Pioneer
- Tiny Leaders
- Vintage
has_activated_abilities: true
is_mtgo: true
is_permanent: true
keywords:
- Exile
- Counters
mana_cost: 2U
mana_produced: U
mana_value: 3
melds_from: []
name: Midnight Clock
printings:
- ELD:
    alterations:
    - Normal
    - Foil
    - Prerelease
    - Promo pack
    - PromoPackF
    - The List
    artist: Alexander Forssberg
    booster_exclude: false
    border_color: B
    cannonical: true
    flavour_text: ''
    frame: m15
    mtgo_foil_id: 78219
    mtgo_id: 78218
    name: Throne of Eldraine
    number: 54
    rarity: rare
    release_date: '2019-10-04'
    tla: ELD
    variations:
    - identifier: '346'
    - identifier: PromoPack
    wizards_id: 473016
    wizards_url: http://gatherer.wizards.com/Pages/Card/Details.aspx?&multiverseid=473016
- VOC:
    alterations:
    - Normal
    artist: Alexander Forssberg
    booster_exclude: false
    border_color: B
    cannonical: true
    flavour_text: ''
    frame: m15
    mtgo_foil_id: null
    mtgo_id: null
    name: 'Innistrad: Crimson Vow Commander'
    number: 108
    rarity: rare
    release_date: '2021-11-18'
    tla: VOC
    variations: []
    wizards_id: 545728
    wizards_url: http://gatherer.wizards.com/Pages/Card/Details.aspx?&multiverseid=545728
- NCC:
    alterations:
    - Normal
    artist: Alexander Forssberg
    booster_exclude: false
    border_color: B
    cannonical: true
    flavour_text: ''
    frame: m15
    mtgo_foil_id: null
    mtgo_id: null
    name: 'Streets of New Capenna: Commander'
    number: 226
    rarity: rare
    release_date: '2022-04-30'
    tla: NCC
    variations: []
    wizards_id: 559798
    wizards_url: http://gatherer.wizards.com/Pages/Card/Details.aspx?&multiverseid=559798
- CLB:
    alterations:
    - Normal
    artist: Alexander Forssberg
    booster_exclude: true
    border_color: B
    cannonical: true
    flavour_text: ''
    frame: m15
    mtgo_foil_id: null
    mtgo_id: null
    name: 'Commander Legends: Battle for Baldur''s Gate'
    number: 727
    rarity: rare
    release_date: '2022-06-10'
    tla: CLB
    variations: []
    wizards_id: 567544
    wizards_url: http://gatherer.wizards.com/Pages/Card/Details.aspx?&multiverseid=567544
rules: "[[symbol:T]]: Add [[symbol:U]].\r\n\r\n[[symbol:2]][[symbol:U]]: Put an hour\
  \ counter on Midnight Clock.\r\n\r\nAt the beginning of each upkeep, put an hour\
  \ counter on Midnight Clock.\r\n\r\nWhen the twelfth hour counter is put on Midnight\
  \ Clock, shuffle your hand and graveyard into your library, then draw seven cards.\
  \ Exile Midnight Clock."
slug: midnight-clock
synonyms: []
tapped_id: 21957
tokens: []
type: Artifact
url: https://tappedout.net/mtg-card/midnight-clock/

