activated_abilities: []
activated_costs:
- U
canadian_hl_score: 0
cannonical_set: KTK
cannonical_type: Creature
companions:
- Jegantha, the Wellspring
- Keruga, the Macrosage
- Lurrus of the Dream-Den
- Lutri, the Spellchaser
- Obosh, the Preypiercer
- Umori, the Collector
- Yorion, Sky Nomad
effective_cost:
- U
formats:
- 1v1 Commander
- Block Constructed
- Canadian Highlander
- Commander / EDH
- Duel Commander
- Highlander
- Legacy
- Leviathan
- Limited
- Modern
- Oathbreaker
- Pauper
- Pauper Duel Commander
- Pauper EDH
- Pioneer
- Tiny Leaders
- Vintage
is_mtgo: true
is_permanent: true
keywords:
- Defender
- Flying
- Morph
mana_cost: 2U
mana_value: 3
melds_from: []
name: Monastery Flock
power_toughness: 0/5
printings:
- KTK:
    alterations:
    - Normal
    - Foil
    artist: John Avon
    booster_exclude: false
    border_color: B
    cannonical: true
    flavour_text: "*\"The arrow strikes one bird down, but the flock remains.\"\r\n\
      <br>&mdash;Jeskai teaching*"
    frame: m15
    mtgo_foil_id: 54291
    mtgo_id: 54290
    name: Khans of Tarkir
    number: '47'
    rarity: common
    release_date: 2014-09-26
    tla: KTK
    variations: []
    wizards_id: 386607
    wizards_url: http://gatherer.wizards.com/Pages/Card/Details.aspx?&multiverseid=386607
rarity: common
rules: "Defender, flying\r\n\r\nMorph [[symbol:U]] *(You may cast this card face down\
  \ as a 2/2 creature for [[symbol:3]]. Turn it face up at any time for its morph\
  \ cost.)*"
slug: monastery-flock
subtype: Bird
subtype_tokens:
- Bird
synonyms: []
tapped_id: 15957
tokens:
- cannonical_type: Creature
  colors: C
  name: Morph 2/2 C
  power_toughness: 2/2
  printings:
  - !!python/object/apply:collections.OrderedDict
    - - - tla
        - KTK
      - - name
        - Khans of Tarkir
      - - number
        - '11'
      - - release_date
        - '2014-09-26'
  - !!python/object/apply:collections.OrderedDict
    - - - tla
        - DTK
      - - name
        - Dragons of Tarkir
      - - number
        - '7'
      - - release_date
        - '2015-03-27'
  - !!python/object/apply:collections.OrderedDict
    - - - tla
        - C19
      - - name
        - Commander 2019
      - - number
        - '27'
      - - release_date
        - '2019-08-23'
  rules: "*You can cover a face-down creature with this reminder card.\r\n\r\nA card\
    \ with morph can be turned face up at any time for its morph cost.*"
  type: Creature
type: Creature
url: https://tappedout.net/mtg-card/monastery-flock/

