canadian_hl_score: 0
cannonical_set: JUD
cannonical_type: Creature
companions:
- Keruga, the Macrosage
- Lutri, the Spellchaser
- Obosh, the Preypiercer
- Umori, the Collector
- Yorion, Sky Nomad
effective_cost:
- W
flat_cost: 5
formats:
- 1v1 Commander
- Canadian Highlander
- Casual
- Commander / EDH
- Custom
- Duel Commander
- Highlander
- Legacy
- Leviathan
- Limited
- Oathbreaker
- Tiny Leaders
- Unformat
- Vintage
has_activated_abilities: false
is_limitless: false
is_permanent: true
keywords:
- Flying
mana_cost: 3WW
mana_cost_converted: 5
name: Phantom Flock
power_toughness: 0/0
printings:
- JUD:
    mtgo_foil_id: 17407
    mtgo_id: 17406
    name: Judgment
    rarity: uncommon
    release_date: 2002-05-27
    wizards_id: 34932
    wizards_url: http://gatherer.wizards.com/Pages/Card/Details.aspx?&multiverseid=34932
rules: "Flying\r\n\r\nPhantom Flock enters the battlefield with three +1/+1 counters\
  \ on it.\r\n\r\nIf damage would be dealt to Phantom Flock, prevent that damage.\
  \ Remove a +1/+1 counter from Phantom Flock.\r\n"
slug: phantom-flock
subtype: Bird Soldier Spirit
subtype_tokens:
- Bird
- Soldier
- Spirit
tags: card-color-white card-color-white-cost-5 card-type-creature
type: Creature
url: http://tappedout.net/mtg-card/phantom-flock/
