activated_abilities: []
activated_costs: []
canadian_hl_score: 0
cannonical_set: JUD
cannonical_type: Creature
companions:
- Keruga, the Macrosage
- Lurrus of the Dream-Den
- Lutri, the Spellchaser
- Obosh, the Preypiercer
- Umori, the Collector
- Yorion, Sky Nomad
effective_cost:
- W
formats:
- 1v1 Commander
- Canadian Highlander
- Commander / EDH
- Duel Commander
- Highlander
- Legacy
- Leviathan
- Limited
- Oathbreaker
- Premodern
- Vintage
is_mtgo: true
is_permanent: true
keywords:
- Flying
mana_cost: 3WW
mana_value: 5
melds_from: []
name: Phantom Flock
power_toughness: 0/0
printings:
- JUD:
    alterations:
    - Normal
    - Foil
    artist: David Martin
    booster_exclude: false
    border_color: B
    cannonical: true
    flavour_text: ''
    frame: original
    mtgo_foil_id: 17407
    mtgo_id: 17406
    name: Judgment
    number: 16
    rarity: uncommon
    release_date: '2002-05-27'
    tla: JUD
    variations: []
    wizards_id: 34932
    wizards_url: http://gatherer.wizards.com/Pages/Card/Details.aspx?&multiverseid=34932
rarity: uncommon
rules: "Flying\r\n\r\nPhantom Flock enters the battlefield with three +1/+1 counters\
  \ on it.\r\n\r\nIf damage would be dealt to Phantom Flock, prevent that damage.\
  \ Remove a +1/+1 counter from Phantom Flock.\r\n"
slug: phantom-flock
subtype: Bird Soldier Spirit
subtype_tokens:
- Bird
- Soldier
- Spirit
synonyms: []
tapped_id: 4218
tokens: []
type: Creature
url: https://tappedout.net/mtg-card/phantom-flock/

