activated_abilities:
- '*(Example scenarios for Usher to Safety: You may cast this off of . You may not
  target this with .  increases the cost of this.  requires X=3. If your opponent
  owns this and you cast it, you may cast their Shepherd of the Flock from exile.
  You can cast this from a cascade spell if the spell has a cost greater than Shepherd
  of the Flock''s cost.)*'
activated_costs:
- W
canadian_hl_score: 0
cannonical_set: ELD
cannonical_type: Creature
companions:
- Gyruda, Doom of Depths
- Jegantha, the Wellspring
- Keruga, the Macrosage
- Lurrus of the Dream-Den
- Lutri, the Spellchaser
- Obosh, the Preypiercer
- Umori, the Collector
- Yorion, Sky Nomad
- Zirda, the Dawnwaker
effective_cost:
- W
formats:
- 1v1 Commander
- Arena
- Block Constructed
- Canadian Highlander
- Commander / EDH
- Duel Commander
- Gladiator
- Highlander
- Historic
- Legacy
- Leviathan
- Limited
- Modern
- Oathbreaker
- Pioneer
- Tiny Leaders
- Vintage
has_activated_abilities: true
is_mtgo: true
is_permanent: true
keywords:
- Exile
- Adventure
mana_cost: 1W
mana_value: 2
melds_from: []
name: Shepherd of the Flock
power_toughness: 3/1
printings:
- ELD:
    alterations:
    - Normal
    - Foil
    artist: Drew Baker
    booster_exclude: false
    border_color: B
    cannonical: true
    flavour_text: '*Not all heroes carry swords.*'
    frame: m15
    mtgo_foil_id: 78153
    mtgo_id: 78152
    name: Throne of Eldraine
    number: '28'
    rarity: uncommon
    release_date: 2019-10-04
    tla: ELD
    variations:
    - identifier: '278'
    wizards_id: 472990
    wizards_url: http://gatherer.wizards.com/Pages/Card/Details.aspx?&multiverseid=472990
rules: "<br>\r\n\r\n*(You may cast Beanstalk Giant from exile if you sent it on an\
  \ adventure.)*\r\n\r\n-----\r\n\r\n<h3>Usher to Safety</h3>\r\n<h4>Instant &mdash;\
  \ Adventure</h4>\r\n\r\nReturn target permanent you control to its owner's hand.\
  \ (Then exile this card. You may cast the creature later from exile.)\r\n\r\n<br>\r\
  \n\r\n*(You may cast Usher to Safety for [[symbol:W]] from anywhere that you have\
  \ the permission to cast this, then exile it on an adventure instead of putting\
  \ it into your graveyard. When you have not chosen to cast Usher to Safety, this\
  \ card is treated only as Shepherd of the Flock in whatever zone it is in.)*\r\n\
  \r\n*(Example scenarios for Usher to Safety: You may cast this off of [[Melek, Izzet\
  \ Paragon]]. You may not target this with [[Snapcaster Mage]]. [[Thalia, Guardian\
  \ of Thraben]] increases the cost of this. [[Electrodominance]] requires X=3. If\
  \ your opponent owns this and you cast it, you may cast their Shepherd of the Flock\
  \ from exile. You can cast this from a cascade spell if the spell has a cost greater\
  \ than Shepherd of the Flock's cost.)*"
slug: shepherd-of-the-flock
subtype: Human Peasant
subtype_tokens:
- Human
- Peasant
synonyms:
- Usher to Safety
- Shepherd of the Flock / Usher to Safety
- Shepherd of the Flock/Usher to Safety
- Usher to Safety/Shepherd of the Flock
- Usher to Safety / Shepherd of the Flock
tapped_id: 22160
tokens: []
type: Creature
url: https://tappedout.net/mtg-card/shepherd-of-the-flock/

