activated_abilities:
- ', : Target creature gets +2/+2 until end of turn.'
activated_costs:
- G
- R
canadian_hl_score: 0
cannonical_set: LEG
cannonical_type: Creature
companions:
- Keruga, the Macrosage
- Lurrus of the Dream-Den
- Lutri, the Spellchaser
- Obosh, the Preypiercer
- Umori, the Collector
- Yorion, Sky Nomad
- Zirda, the Dawnwaker
cube_average: 5.67
draft_average: 2.0
effective_cost:
- R
- G
formats:
- 1v1 Commander
- Canadian Highlander
- Legacy
- Oathbreaker
- Custom
- Oldschool 93/94
- Vintage
- Commander / EDH
- 'Commander: Rule 0'
- Casual
- Limited
- Duel Commander
- Highlander
- Leviathan
has_activated_abilities: true
is_mtgo: true
is_permanent: true
keywords:
- Flying
mana_cost: GGRR
mana_value: 4
melds_from: []
name: Tuknir Deathlock
power_toughness: 2/2
printings:
- LEG:
    alterations:
    - !!python/tuple
      - ''
      - Normal
    artist: Liz Danforth
    booster_exclude: false
    border_color: B
    cannonical: true
    flavour_text: ''
    frame: original
    mtgo_foil_id: null
    mtgo_id: null
    name: Legends
    number: null
    rarity: rare
    release_date: '1994-06-01'
    tla: LEG
    variations: []
    wizards_id: 1694
    wizards_url: http://gatherer.wizards.com/Pages/Card/Details.aspx?&multiverseid=1694
- ME3:
    alterations:
    - !!python/tuple
      - ''
      - Normal
    - !!python/tuple
      - f
      - Foil
    artist: Liz Danforth
    booster_exclude: false
    border_color: B
    cannonical: false
    flavour_text: '*An explorer of the &#198;ther, Tuknir often discovers himself
      in the most unusual physical realms.*'
    frame: modern
    mtgo_foil_id: 33741
    mtgo_id: 33740
    name: Masters Edition III
    number: 184
    rarity: uncommon
    release_date: '2009-09-07'
    tla: ME3
    variations: []
    wizards_id: 201240
    wizards_url: http://gatherer.wizards.com/Pages/Card/Details.aspx?&multiverseid=201240
rarity: rare
rules: "Flying\r\n\r\n[[R]][[G]], [[T]]: Target creature gets +2/+2 until end of turn."
slug: tuknir-deathlock
subtype: Human Wizard
subtype_tokens:
- Human
- Wizard
synonyms: []
tapped_id: 8652
tokens: []
type: Legendary Creature
url: https://tappedout.net/mtg-card/tuknir-deathlock/

