activated_abilities: []
activated_costs: []
canadian_hl_score: 0
cannonical_set: C18
cannonical_type: Artifact
companions:
- Gyruda, Doom of Depths
- Jegantha, the Wellspring
- Kaheera, the Orphanguard
- Keruga, the Macrosage
- Lurrus of the Dream-Den
- Lutri, the Spellchaser
- Obosh, the Preypiercer
- Umori, the Collector
- Yorion, Sky Nomad
effective_cost: []
formats:
- 1v1 Commander
- Block Constructed
- Canadian Highlander
- Commander / EDH
- Duel Commander
- Highlander
- Legacy
- Leviathan
- Limited
- Modern
- Oathbreaker
- Vintage
is_mtgo: true
is_permanent: true
keywords: []
mana_cost: '4'
mana_produced: ''
mana_value: 4
melds_from: []
name: Unwinding Clock
power_toughness: ''
printings:
- NPH:
    alterations:
    - Normal
    - Foil
    - The List
    artist: Mike Bierek
    booster_exclude: false
    border_color: B
    cannonical: true
    flavour_text: "\"The partisans have unearthed a strange artifact. None know its\
      \ origin, but it gives them a hope of a life beyond.\"\r\n-Elspeth's journal"
    frame: modern
    mtgo_foil_id: 39873
    mtgo_id: 39872
    name: New Phyrexia
    number: null
    rarity: rare
    release_date: 2011-05-13
    tla: NPH
    variations: []
    wizards_id: 218079
    wizards_url: http://gatherer.wizards.com/Pages/Card/Details.aspx?&multiverseid=218079
- C18:
    alterations:
    - Normal
    artist: Mike Bierek
    booster_exclude: false
    border_color: B
    cannonical: true
    flavour_text: "*\"The partisans have unearthed a strange artifact. None know its\
      \ origin, but it gives them hope of a life beyond.\"\r\n<br>&mdash;Elspeth's\
      \ journal*"
    frame: m15
    mtgo_foil_id: null
    mtgo_id: null
    name: Commander 2018
    number: '228'
    rarity: rare
    release_date: 2018-08-10
    tla: C18
    variations: []
    wizards_id: 451183
    wizards_url: http://gatherer.wizards.com/Pages/Card/Details.aspx?&multiverseid=451183
- BRR:
    alterations:
    - Normal
    - Foil
    artist: Mike Bierek
    booster_exclude: false
    border_color: B
    cannonical: false
    flavour_text: "\"The partisans have unearthed a strange artifact. None know its\
      \ origin, but it gives them hope of a life beyond.\"\n\u2014Elspeth's journal"
    frame: original
    mtgo_foil_id: null
    mtgo_id: null
    name: 'The Brothers'' War: Retro Artifacts'
    number: '61'
    rarity: rare
    release_date: 2022-11-18
    tla: BRR
    variations:
    - identifier: '124'
    wizards_id: null
    wizards_url: null
rarity: rare
rules: Untap all artifacts you control during each other player's untap step.
slug: unwinding-clock
synonyms: []
tapped_id: 13028
tokens: []
type: Artifact
url: https://tappedout.net/mtg-card/unwinding-clock/

